
Microsoft Visual Studio Solution File, Format Version 12.00
# Visual Studio Version 17
VisualStudioVersion = 17.10.34902.84
MinimumVisualStudioVersion = 10.0.40219.1
Project("{FAE04EC0-301F-11D3-BF4B-00C04F79EFBC}") = "YaLibrary", "YaLibrary\YaLibrary.csproj", "{F5A1DBDA-17AD-455A-A850-F6A1CB3262BC}"
EndProject
Project("{FAE04EC0-301F-11D3-BF4B-00C04F79EFBC}") = "Test.YaLibrary", "Test.YaLibrary\Test.YaLibrary.csproj", "{096E3306-8A3B-4DB5-96D7-0D7A941CEE48}"
EndProject
Global
	GlobalSection(SolutionConfigurationPlatforms) = preSolution
		Debug|Any CPU = Debug|Any CPU
		Release|Any CPU = Release|Any CPU
	EndGlobalSection
	GlobalSection(ProjectConfigurationPlatforms) = postSolution
		{F5A1DBDA-17AD-455A-A850-F6A1CB3262BC}.Debug|Any CPU.ActiveCfg = Debug|Any CPU
		{F5A1DBDA-17AD-455A-A850-F6A1CB3262BC}.Debug|Any CPU.Build.0 = Debug|Any CPU
		{F5A1DBDA-17AD-455A-A850-F6A1CB3262BC}.Release|Any CPU.ActiveCfg = Release|Any CPU
		{F5A1DBDA-17AD-455A-A850-F6A1CB3262BC}.Release|Any CPU.Build.0 = Release|Any CPU
		{096E3306-8A3B-4DB5-96D7-0D7A941CEE48}.Debug|Any CPU.ActiveCfg = Debug|Any CPU
		{096E3306-8A3B-4DB5-96D7-0D7A941CEE48}.Debug|Any CPU.Build.0 = Debug|Any CPU
		{096E3306-8A3B-4DB5-96D7-0D7A941CEE48}.Release|Any CPU.ActiveCfg = Release|Any CPU
		{096E3306-8A3B-4DB5-96D7-0D7A941CEE48}.Release|Any CPU.Build.0 = Release|Any CPU
	EndGlobalSection
	GlobalSection(SolutionProperties) = preSolution
		HideSolutionNode = FALSE
	EndGlobalSection
	GlobalSection(ExtensibilityGlobals) = postSolution
		SolutionGuid = {713DC5C4-9674-4F3C-B772-89DFB89D519F}
	EndGlobalSection
EndGlobal
